// !$*UTF8*$!
{
	archiveVersion = 1;
	classes = {
	};
	objectVersion = 55;
	objects = {

/* Begin PBXBuildFile section */
		6F0ECB9F2813ABC000FE0783 /* .gitignore in Resources */ = {isa = PBXBuildFile; fileRef = 6F0ECB9E2813ABC000FE0783 /* .gitignore */; };
		6F0ECBA12813AC1B00FE0783 /* README.md in Resources */ = {isa = PBXBuildFile; fileRef = 6F0ECBA02813AC1B00FE0783 /* README.md */; };
		6F779180280F82D800F7CC67 /* ErrorMessage.swift in Sources */ = {isa = PBXBuildFile; fileRef = 6F77917F280F82D800F7CC67 /* ErrorMessage.swift */; };
		6F9661C32812AC2900154F36 /* LandingVC.swift in Sources */ = {isa = PBXBuildFile; fileRef = 6F9661C22812AC2900154F36 /* LandingVC.swift */; };
		6F9C7838280C2F7500A7EDF9 /* Response.swift in Sources */ = {isa = PBXBuildFile; fileRef = 6F9C7837280C2F7500A7EDF9 /* Response.swift */; };
		6FA035E2280BB83800C85A0C /* Councillors.swift in Sources */ = {isa = PBXBuildFile; fileRef = 6FA035E1280BB83800C85A0C /* Councillors.swift */; };
		6FA035E7280BC5F500C85A0C /* NetworkManager.swift in Sources */ = {isa = PBXBuildFile; fileRef = 6FA035E6280BC5F500C85A0C /* NetworkManager.swift */; };
		6FA9A76427FD62C6002B6A6B /* AppDelegate.swift in Sources */ = {isa = PBXBuildFile; fileRef = 6FA9A76327FD62C6002B6A6B /* AppDelegate.swift */; };
		6FA9A76627FD62C6002B6A6B /* SceneDelegate.swift in Sources */ = {isa = PBXBuildFile; fileRef = 6FA9A76527FD62C6002B6A6B /* SceneDelegate.swift */; };
		6FA9A76827FD62C6002B6A6B /* AllVotesVC.swift in Sources */ = {isa = PBXBuildFile; fileRef = 6FA9A76727FD62C6002B6A6B /* AllVotesVC.swift */; };
		6FA9A76D27FD62C9002B6A6B /* Assets.xcassets in Resources */ = {isa = PBXBuildFile; fileRef = 6FA9A76C27FD62C9002B6A6B /* Assets.xcassets */; };
		6FA9A77027FD62C9002B6A6B /* LaunchScreen.storyboard in Resources */ = {isa = PBXBuildFile; fileRef = 6FA9A76E27FD62C9002B6A6B /* LaunchScreen.storyboard */; };
/* End PBXBuildFile section */

/* Begin PBXFileReference section */
		6F0ECB9E2813ABC000FE0783 /* .gitignore */ = {isa = PBXFileReference; lastKnownFileType = text; path = .gitignore; sourceTree = "<group>"; };
		6F0ECBA02813AC1B00FE0783 /* README.md */ = {isa = PBXFileReference; lastKnownFileType = net.daringfireball.markdown; path = README.md; sourceTree = "<group>"; };
		6F77917F280F82D800F7CC67 /* ErrorMessage.swift */ = {isa = PBXFileReference; lastKnownFileType = sourcecode.swift; path = ErrorMessage.swift; sourceTree = "<group>"; };
		6F9661C22812AC2900154F36 /* LandingVC.swift */ = {isa = PBXFileReference; lastKnownFileType = sourcecode.swift; path = LandingVC.swift; sourceTree = "<group>"; };
		6F9C7837280C2F7500A7EDF9 /* Response.swift */ = {isa = PBXFileReference; lastKnownFileType = sourcecode.swift; path = Response.swift; sourceTree = "<group>"; };
		6FA035E1280BB83800C85A0C /* Councillors.swift */ = {isa = PBXFileReference; lastKnownFileType = sourcecode.swift; path = Councillors.swift; sourceTree = "<group>"; };
		6FA035E5280BC38200C85A0C /* README.md */ = {isa = PBXFileReference; lastKnownFileType = net.daringfireball.markdown; path = README.md; sourceTree = "<group>"; };
		6FA035E6280BC5F500C85A0C /* NetworkManager.swift */ = {isa = PBXFileReference; lastKnownFileType = sourcecode.swift; path = NetworkManager.swift; sourceTree = "<group>"; };
		6FA9A76027FD62C6002B6A6B /* VanVotes.app */ = {isa = PBXFileReference; explicitFileType = wrapper.application; includeInIndex = 0; path = VanVotes.app; sourceTree = BUILT_PRODUCTS_DIR; };
		6FA9A76327FD62C6002B6A6B /* AppDelegate.swift */ = {isa = PBXFileReference; lastKnownFileType = sourcecode.swift; path = AppDelegate.swift; sourceTree = "<group>"; };
		6FA9A76527FD62C6002B6A6B /* SceneDelegate.swift */ = {isa = PBXFileReference; lastKnownFileType = sourcecode.swift; path = SceneDelegate.swift; sourceTree = "<group>"; };
		6FA9A76727FD62C6002B6A6B /* AllVotesVC.swift */ = {isa = PBXFileReference; lastKnownFileType = sourcecode.swift; path = AllVotesVC.swift; sourceTree = "<group>"; };
		6FA9A76C27FD62C9002B6A6B /* Assets.xcassets */ = {isa = PBXFileReference; lastKnownFileType = folder.assetcatalog; path = Assets.xcassets; sourceTree = "<group>"; };
		6FA9A76F27FD62C9002B6A6B /* Base */ = {isa = PBXFileReference; lastKnownFileType = file.storyboard; name = Base; path = Base.lproj/LaunchScreen.storyboard; sourceTree = "<group>"; };
		6FA9A77127FD62C9002B6A6B /* Info.plist */ = {isa = PBXFileReference; lastKnownFileType = text.plist.xml; path = Info.plist; sourceTree = "<group>"; };
/* End PBXFileReference section */

/* Begin PBXFrameworksBuildPhase section */
		6FA9A75D27FD62C6002B6A6B /* Frameworks */ = {
			isa = PBXFrameworksBuildPhase;
			buildActionMask = 2147483647;
			files = (
			);
			runOnlyForDeploymentPostprocessing = 0;
		};
/* End PBXFrameworksBuildPhase section */

/* Begin PBXGroup section */
		6FA035DB280BB6A400C85A0C /* Managers */ = {
			isa = PBXGroup;
			children = (
				6FA035E6280BC5F500C85A0C /* NetworkManager.swift */,
			);
			path = Managers;
			sourceTree = "<group>";
		};
		6FA035DC280BB6AF00C85A0C /* Support */ = {
			isa = PBXGroup;
			children = (
				6FA9A76327FD62C6002B6A6B /* AppDelegate.swift */,
				6FA9A76527FD62C6002B6A6B /* SceneDelegate.swift */,
				6FA9A76C27FD62C9002B6A6B /* Assets.xcassets */,
			);
			path = Support;
			sourceTree = "<group>";
		};
		6FA035DD280BB6BA00C85A0C /* Utilities */ = {
			isa = PBXGroup;
			children = (
				6F77917F280F82D800F7CC67 /* ErrorMessage.swift */,
			);
			path = Utilities;
			sourceTree = "<group>";
		};
		6FA035DE280BB6D800C85A0C /* Screens */ = {
			isa = PBXGroup;
			children = (
				6FA9A76727FD62C6002B6A6B /* AllVotesVC.swift */,
				6F9661C22812AC2900154F36 /* LandingVC.swift */,
				6FA9A76E27FD62C9002B6A6B /* LaunchScreen.storyboard */,
			);
			path = Screens;
			sourceTree = "<group>";
		};
		6FA035DF280BB79A00C85A0C /* Components */ = {
			isa = PBXGroup;
			children = (
			);
			path = Components;
			sourceTree = "<group>";
		};
		6FA035E0280BB7A200C85A0C /* Models */ = {
			isa = PBXGroup;
			children = (
				6FA035E1280BB83800C85A0C /* Councillors.swift */,
				6F9C7837280C2F7500A7EDF9 /* Response.swift */,
			);
			path = Models;
			sourceTree = "<group>";
		};
		6FA9A75727FD62C6002B6A6B = {
			isa = PBXGroup;
			children = (
				6F0ECBA02813AC1B00FE0783 /* README.md */,
				6F0ECB9E2813ABC000FE0783 /* .gitignore */,
				6FA9A76227FD62C6002B6A6B /* VanVotes */,
				6FA9A76127FD62C6002B6A6B /* Products */,
			);
			sourceTree = "<group>";
		};
		6FA9A76127FD62C6002B6A6B /* Products */ = {
			isa = PBXGroup;
			children = (
				6FA9A76027FD62C6002B6A6B /* VanVotes.app */,
			);
			name = Products;
			sourceTree = "<group>";
		};
		6FA9A76227FD62C6002B6A6B /* VanVotes */ = {
			isa = PBXGroup;
			children = (
				6FA035E0280BB7A200C85A0C /* Models */,
				6FA035DF280BB79A00C85A0C /* Components */,
				6FA035DE280BB6D800C85A0C /* Screens */,
				6FA035DD280BB6BA00C85A0C /* Utilities */,
				6FA035DC280BB6AF00C85A0C /* Support */,
				6FA035DB280BB6A400C85A0C /* Managers */,
				6FA9A77127FD62C9002B6A6B /* Info.plist */,
				6FA035E5280BC38200C85A0C /* README.md */,
			);
			path = VanVotes;
			sourceTree = "<group>";
		};
/* End PBXGroup section */

/* Begin PBXNativeTarget section */
		6FA9A75F27FD62C6002B6A6B /* VanVotes */ = {
			isa = PBXNativeTarget;
			buildConfigurationList = 6FA9A77427FD62C9002B6A6B /* Build configuration list for PBXNativeTarget "VanVotes" */;
			buildPhases = (
				6FA9A75C27FD62C6002B6A6B /* Sources */,
				6FA9A75D27FD62C6002B6A6B /* Frameworks */,
				6FA9A75E27FD62C6002B6A6B /* Resources */,
			);
			buildRules = (
			);
			dependencies = (
			);
			name = VanVotes;
			productName = VanVotes;
			productReference = 6FA9A76027FD62C6002B6A6B /* VanVotes.app */;
			productType = "com.apple.product-type.application";
		};
/* End PBXNativeTarget section */

/* Begin PBXProject section */
		6FA9A75827FD62C6002B6A6B /* Project object */ = {
			isa = PBXProject;
			attributes = {
				BuildIndependentTargetsInParallel = 1;
				LastSwiftUpdateCheck = 1330;
				LastUpgradeCheck = 1330;
				TargetAttributes = {
					6FA9A75F27FD62C6002B6A6B = {
						CreatedOnToolsVersion = 13.3;
					};
				};
			};
			buildConfigurationList = 6FA9A75B27FD62C6002B6A6B /* Build configuration list for PBXProject "VanVotes" */;
			compatibilityVersion = "Xcode 13.0";
			developmentRegion = en;
			hasScannedForEncodings = 0;
			knownRegions = (
				en,
				Base,
			);
			mainGroup = 6FA9A75727FD62C6002B6A6B;
			productRefGroup = 6FA9A76127FD62C6002B6A6B /* Products */;
			projectDirPath = "";
			projectRoot = "";
			targets = (
				6FA9A75F27FD62C6002B6A6B /* VanVotes */,
			);
		};
/* End PBXProject section */

/* Begin PBXResourcesBuildPhase section */
		6FA9A75E27FD62C6002B6A6B /* Resources */ = {
			isa = PBXResourcesBuildPhase;
			buildActionMask = 2147483647;
			files = (
				6FA9A77027FD62C9002B6A6B /* LaunchScreen.storyboard in Resources */,
				6F0ECB9F2813ABC000FE0783 /* .gitignore in Resources */,
				6F0ECBA12813AC1B00FE0783 /* README.md in Resources */,
				6FA9A76D27FD62C9002B6A6B /* Assets.xcassets in Resources */,
			);
			runOnlyForDeploymentPostprocessing = 0;
		};
/* End PBXResourcesBuildPhase section */

/* Begin PBXSourcesBuildPhase section */
		6FA9A75C27FD62C6002B6A6B /* Sources */ = {
			isa = PBXSourcesBuildPhase;
			buildActionMask = 2147483647;
			files = (
				6F9661C32812AC2900154F36 /* LandingVC.swift in Sources */,
				6FA9A76827FD62C6002B6A6B /* AllVotesVC.swift in Sources */,
				6F779180280F82D800F7CC67 /* ErrorMessage.swift in Sources */,
				6F9C7838280C2F7500A7EDF9 /* Response.swift in Sources */,
				6FA035E2280BB83800C85A0C /* Councillors.swift in Sources */,
				6FA035E7280BC5F500C85A0C /* NetworkManager.swift in Sources */,
				6FA9A76427FD62C6002B6A6B /* AppDelegate.swift in Sources */,
				6FA9A76627FD62C6002B6A6B /* SceneDelegate.swift in Sources */,
			);
			runOnlyForDeploymentPostprocessing = 0;
		};
/* End PBXSourcesBuildPhase section */

/* Begin PBXVariantGroup section */
		6FA9A76E27FD62C9002B6A6B /* LaunchScreen.storyboard */ = {
			isa = PBXVariantGroup;
			children = (
				6FA9A76F27FD62C9002B6A6B /* Base */,
			);
			name = LaunchScreen.storyboard;
			sourceTree = "<group>";
		};
/* End PBXVariantGroup section */

/* Begin XCBuildConfiguration section */
		6FA9A77227FD62C9002B6A6B /* Debug */ = {
			isa = XCBuildConfiguration;
			buildSettings = {
				ALWAYS_SEARCH_USER_PATHS = NO;
				CLANG_ANALYZER_NONNULL = YES;
				CLANG_ANALYZER_NUMBER_OBJECT_CONVERSION = YES_AGGRESSIVE;
				CLANG_CXX_LANGUAGE_STANDARD = "gnu++17";
				CLANG_ENABLE_MODULES = YES;
				CLANG_ENABLE_OBJC_ARC = YES;
				CLANG_ENABLE_OBJC_WEAK = YES;
				CLANG_WARN_BLOCK_CAPTURE_AUTORELEASING = YES;
				CLANG_WARN_BOOL_CONVERSION = YES;
				CLANG_WARN_COMMA = YES;
				CLANG_WARN_CONSTANT_CONVERSION = YES;
				CLANG_WARN_DEPRECATED_OBJC_IMPLEMENTATIONS = YES;
				CLANG_WARN_DIRECT_OBJC_ISA_USAGE = YES_ERROR;
				CLANG_WARN_DOCUMENTATION_COMMENTS = YES;
				CLANG_WARN_EMPTY_BODY = YES;
				CLANG_WARN_ENUM_CONVERSION = YES;
				CLANG_WARN_INFINITE_RECURSION = YES;
				CLANG_WARN_INT_CONVERSION = YES;
				CLANG_WARN_NON_LITERAL_NULL_CONVERSION = YES;
				CLANG_WARN_OBJC_IMPLICIT_RETAIN_SELF = YES;
				CLANG_WARN_OBJC_LITERAL_CONVERSION = YES;
				CLANG_WARN_OBJC_ROOT_CLASS = YES_ERROR;
				CLANG_WARN_QUOTED_INCLUDE_IN_FRAMEWORK_HEADER = YES;
				CLANG_WARN_RANGE_LOOP_ANALYSIS = YES;
				CLANG_WARN_STRICT_PROTOTYPES = YES;
				CLANG_WARN_SUSPICIOUS_MOVE = YES;
				CLANG_WARN_UNGUARDED_AVAILABILITY = YES_AGGRESSIVE;
				CLANG_WARN_UNREACHABLE_CODE = YES;
				CLANG_WARN__DUPLICATE_METHOD_MATCH = YES;
				COPY_PHASE_STRIP = NO;
				DEBUG_INFORMATION_FORMAT = dwarf;
				ENABLE_STRICT_OBJC_MSGSEND = YES;
				ENABLE_TESTABILITY = YES;
				GCC_C_LANGUAGE_STANDARD = gnu11;
				GCC_DYNAMIC_NO_PIC = NO;
				GCC_NO_COMMON_BLOCKS = YES;
				GCC_OPTIMIZATION_LEVEL = 0;
				GCC_PREPROCESSOR_DEFINITIONS = (
					"DEBUG=1",
					"$(inherited)",
				);
				GCC_WARN_64_TO_32_BIT_CONVERSION = YES;
				GCC_WARN_ABOUT_RETURN_TYPE = YES_ERROR;
				GCC_WARN_UNDECLARED_SELECTOR = YES;
				GCC_WARN_UNINITIALIZED_AUTOS = YES_AGGRESSIVE;
				GCC_WARN_UNUSED_FUNCTION = YES;
				GCC_WARN_UNUSED_VARIABLE = YES;
				IPHONEOS_DEPLOYMENT_TARGET = 15.4;
				MTL_ENABLE_DEBUG_INFO = INCLUDE_SOURCE;
				MTL_FAST_MATH = YES;
				ONLY_ACTIVE_ARCH = YES;
				SDKROOT = iphoneos;
				SWIFT_ACTIVE_COMPILATION_CONDITIONS = DEBUG;
				SWIFT_OPTIMIZATION_LEVEL = "-Onone";
			};
			name = Debug;
		};
		6FA9A77327FD62C9002B6A6B /* Release */ = {
			isa = XCBuildConfiguration;
			buildSettings = {
				ALWAYS_SEARCH_USER_PATHS = NO;
				CLANG_ANALYZER_NONNULL = YES;
				CLANG_ANALYZER_NUMBER_OBJECT_CONVERSION = YES_AGGRESSIVE;
				CLANG_CXX_LANGUAGE_STANDARD = "gnu++17";
				CLANG_ENABLE_MODULES = YES;
				CLANG_ENABLE_OBJC_ARC = YES;
				CLANG_ENABLE_OBJC_WEAK = YES;
				CLANG_WARN_BLOCK_CAPTURE_AUTORELEASING = YES;
				CLANG_WARN_BOOL_CONVERSION = YES;
				CLANG_WARN_COMMA = YES;
				CLANG_WARN_CONSTANT_CONVERSION = YES;
				CLANG_WARN_DEPRECATED_OBJC_IMPLEMENTATIONS = YES;
				CLANG_WARN_DIRECT_OBJC_ISA_USAGE = YES_ERROR;
				CLANG_WARN_DOCUMENTATION_COMMENTS = YES;
				CLANG_WARN_EMPTY_BODY = YES;
				CLANG_WARN_ENUM_CONVERSION = YES;
				CLANG_WARN_INFINITE_RECURSION = YES;
				CLANG_WARN_INT_CONVERSION = YES;
				CLANG_WARN_NON_LITERAL_NULL_CONVERSION = YES;
				CLANG_WARN_OBJC_IMPLICIT_RETAIN_SELF = YES;
				CLANG_WARN_OBJC_LITERAL_CONVERSION = YES;
				CLANG_WARN_OBJC_ROOT_CLASS = YES_ERROR;
				CLANG_WARN_QUOTED_INCLUDE_IN_FRAMEWORK_HEADER = YES;
				CLANG_WARN_RANGE_LOOP_ANALYSIS = YES;
				CLANG_WARN_STRICT_PROTOTYPES = YES;
				CLANG_WARN_SUSPICIOUS_MOVE = YES;
				CLANG_WARN_UNGUARDED_AVAILABILITY = YES_AGGRESSIVE;
				CLANG_WARN_UNREACHABLE_CODE = YES;
				CLANG_WARN__DUPLICATE_METHOD_MATCH = YES;
				COPY_PHASE_STRIP = NO;
				DEBUG_INFORMATION_FORMAT = "dwarf-with-dsym";
				ENABLE_NS_ASSERTIONS = NO;
				ENABLE_STRICT_OBJC_MSGSEND = YES;
				GCC_C_LANGUAGE_STANDARD = gnu11;
				GCC_NO_COMMON_BLOCKS = YES;
				GCC_WARN_64_TO_32_BIT_CONVERSION = YES;
				GCC_WARN_ABOUT_RETURN_TYPE = YES_ERROR;
				GCC_WARN_UNDECLARED_SELECTOR = YES;
				GCC_WARN_UNINITIALIZED_AUTOS = YES_AGGRESSIVE;
				GCC_WARN_UNUSED_FUNCTION = YES;
				GCC_WARN_UNUSED_VARIABLE = YES;
				IPHONEOS_DEPLOYMENT_TARGET = 15.4;
				MTL_ENABLE_DEBUG_INFO = NO;
				MTL_FAST_MATH = YES;
				SDKROOT = iphoneos;
				SWIFT_COMPILATION_MODE = wholemodule;
				SWIFT_OPTIMIZATION_LEVEL = "-O";
				VALIDATE_PRODUCT = YES;
			};
			name = Release;
		};
		6FA9A77527FD62C9002B6A6B /* Debug */ = {
			isa = XCBuildConfiguration;
			buildSettings = {
				ASSETCATALOG_COMPILER_APPICON_NAME = AppIcon;
				ASSETCATALOG_COMPILER_GLOBAL_ACCENT_COLOR_NAME = AccentColor;
				CODE_SIGN_STYLE = Automatic;
				CURRENT_PROJECT_VERSION = 1;
				DEVELOPMENT_TEAM = Y2CU5N862T;
				GENERATE_INFOPLIST_FILE = YES;
				INFOPLIST_FILE = VanVotes/Info.plist;
				INFOPLIST_KEY_UIApplicationSupportsIndirectInputEvents = YES;
				INFOPLIST_KEY_UILaunchStoryboardName = LaunchScreen;
				INFOPLIST_KEY_UISupportedInterfaceOrientations_iPad = "UIInterfaceOrientationPortrait UIInterfaceOrientationPortraitUpsideDown UIInterfaceOrientationLandscapeLeft UIInterfaceOrientationLandscapeRight";
				INFOPLIST_KEY_UISupportedInterfaceOrientations_iPhone = "UIInterfaceOrientationPortrait UIInterfaceOrientationLandscapeLeft UIInterfaceOrientationLandscapeRight";
				LD_RUNPATH_SEARCH_PATHS = (
					"$(inherited)",
					"@executable_path/Frameworks",
				);
				MARKETING_VERSION = 1.0;
				PRODUCT_BUNDLE_IDENTIFIER = TBlack10.VanVotes;
				PRODUCT_NAME = "$(TARGET_NAME)";
				SWIFT_EMIT_LOC_STRINGS = YES;
				SWIFT_VERSION = 5.0;
				TARGETED_DEVICE_FAMILY = "1,2";
			};
			name = Debug;
		};
		6FA9A77627FD62C9002B6A6B /* Release */ = {
			isa = XCBuildConfiguration;
			buildSettings = {
				ASSETCATALOG_COMPILER_APPICON_NAME = AppIcon;
				ASSETCATALOG_COMPILER_GLOBAL_ACCENT_COLOR_NAME = AccentColor;
				CODE_SIGN_STYLE = Automatic;
				CURRENT_PROJECT_VERSION = 1;
				DEVELOPMENT_TEAM = Y2CU5N862T;
				GENERATE_INFOPLIST_FILE = YES;
				INFOPLIST_FILE = VanVotes/Info.plist;
				INFOPLIST_KEY_UIApplicationSupportsIndirectInputEvents = YES;
				INFOPLIST_KEY_UILaunchStoryboardName = LaunchScreen;
				INFOPLIST_KEY_UISupportedInterfaceOrientations_iPad = "UIInterfaceOrientationPortrait UIInterfaceOrientationPortraitUpsideDown UIInterfaceOrientationLandscapeLeft UIInterfaceOrientationLandscapeRight";
				INFOPLIST_KEY_UISupportedInterfaceOrientations_iPhone = "UIInterfaceOrientationPortrait UIInterfaceOrientationLandscapeLeft UIInterfaceOrientationLandscapeRight";
				LD_RUNPATH_SEARCH_PATHS = (
					"$(inherited)",
					"@executable_path/Frameworks",
				);
				MARKETING_VERSION = 1.0;
				PRODUCT_BUNDLE_IDENTIFIER = TBlack10.VanVotes;
				PRODUCT_NAME = "$(TARGET_NAME)";
				SWIFT_EMIT_LOC_STRINGS = YES;
				SWIFT_VERSION = 5.0;
				TARGETED_DEVICE_FAMILY = "1,2";
			};
			name = Release;
		};
/* End XCBuildConfiguration section */

/* Begin XCConfigurationList section */
		6FA9A75B27FD62C6002B6A6B /* Build configuration list for PBXProject "VanVotes" */ = {
			isa = XCConfigurationList;
			buildConfigurations = (
				6FA9A77227FD62C9002B6A6B /* Debug */,
				6FA9A77327FD62C9002B6A6B /* Release */,
			);
			defaultConfigurationIsVisible = 0;
			defaultConfigurationName = Release;
		};
		6FA9A77427FD62C9002B6A6B /* Build configuration list for PBXNativeTarget "VanVotes" */ = {
			isa = XCConfigurationList;
			buildConfigurations = (
				6FA9A77527FD62C9002B6A6B /* Debug */,
				6FA9A77627FD62C9002B6A6B /* Release */,
			);
			defaultConfigurationIsVisible = 0;
			defaultConfigurationName = Release;
		};
/* End XCConfigurationList section */
	};
	rootObject = 6FA9A75827FD62C6002B6A6B /* Project object */;
}
