// !$*UTF8*$!
{
	archiveVersion = 1;
	classes = {
	};
	objectVersion = 55;
	objects = {

/* Begin PBXBuildFile section */
		6F0BDF2B281A202400035DB6 /* VotesVC.swift in Sources */ = {isa = PBXBuildFile; fileRef = 6F0BDF2A281A202400035DB6 /* VotesVC.swift */; };
		6F0ECB9F2813ABC000FE0783 /* .gitignore in Resources */ = {isa = PBXBuildFile; fileRef = 6F0ECB9E2813ABC000FE0783 /* .gitignore */; };
		6F0ECBA12813AC1B00FE0783 /* README.md in Resources */ = {isa = PBXBuildFile; fileRef = 6F0ECBA02813AC1B00FE0783 /* README.md */; };
		6F0ECBA328140C0E00FE0783 /* VoteDetailCell.swift in Sources */ = {isa = PBXBuildFile; fileRef = 6F0ECBA228140C0E00FE0783 /* VoteDetailCell.swift */; };
		6F0FF7C9283C65A500E1808D /* VanVotesUITests.swift in Sources */ = {isa = PBXBuildFile; fileRef = 6F0FF7C8283C65A500E1808D /* VanVotesUITests.swift */; };
		6F0FF7CB283C65A500E1808D /* VanVotesUITestsLaunchTests.swift in Sources */ = {isa = PBXBuildFile; fileRef = 6F0FF7CA283C65A500E1808D /* VanVotesUITestsLaunchTests.swift */; };
		6F29BB9628179A91009AD0EE /* VoteDecision.swift in Sources */ = {isa = PBXBuildFile; fileRef = 6F29BB9528179A91009AD0EE /* VoteDecision.swift */; };
		6F29BB9828179A97009AD0EE /* Vote.swift in Sources */ = {isa = PBXBuildFile; fileRef = 6F29BB9728179A97009AD0EE /* Vote.swift */; };
		6F29BB9A2817ACBE009AD0EE /* VoteDetailVC.swift in Sources */ = {isa = PBXBuildFile; fileRef = 6F29BB992817ACBE009AD0EE /* VoteDetailVC.swift */; };
		6F4FF194283A01CB004CA4F3 /* VVNetworkManagerTests.swift in Sources */ = {isa = PBXBuildFile; fileRef = 6F4FF193283A01CB004CA4F3 /* VVNetworkManagerTests.swift */; };
		6F6DC07F29037A8C00482A8C /* PreviousCouncillorsVC.swift in Sources */ = {isa = PBXBuildFile; fileRef = 6F6DC07E29037A8C00482A8C /* PreviousCouncillorsVC.swift */; };
		6F6DC085290381F100482A8C /* EmptyStateView.swift in Sources */ = {isa = PBXBuildFile; fileRef = 6F6DC084290381F100482A8C /* EmptyStateView.swift */; };
		6F6DC087290382AE00482A8C /* UIViewController+EmptyState.swift in Sources */ = {isa = PBXBuildFile; fileRef = 6F6DC086290382AE00482A8C /* UIViewController+EmptyState.swift */; };
		6F6DC0892903859900482A8C /* UIViewController+Menus.swift in Sources */ = {isa = PBXBuildFile; fileRef = 6F6DC0882903859900482A8C /* UIViewController+Menus.swift */; };
		6F779180280F82D800F7CC67 /* ErrorMessage.swift in Sources */ = {isa = PBXBuildFile; fileRef = 6F77917F280F82D800F7CC67 /* ErrorMessage.swift */; };
		6F9661C32812AC2900154F36 /* LandingVC.swift in Sources */ = {isa = PBXBuildFile; fileRef = 6F9661C22812AC2900154F36 /* LandingVC.swift */; };
		6F9C7838280C2F7500A7EDF9 /* Response.swift in Sources */ = {isa = PBXBuildFile; fileRef = 6F9C7837280C2F7500A7EDF9 /* Response.swift */; };
		6FA035E2280BB83800C85A0C /* Councillors.swift in Sources */ = {isa = PBXBuildFile; fileRef = 6FA035E1280BB83800C85A0C /* Councillors.swift */; };
		6FA035E7280BC5F500C85A0C /* NetworkManager.swift in Sources */ = {isa = PBXBuildFile; fileRef = 6FA035E6280BC5F500C85A0C /* NetworkManager.swift */; };
		6FA9A76427FD62C6002B6A6B /* AppDelegate.swift in Sources */ = {isa = PBXBuildFile; fileRef = 6FA9A76327FD62C6002B6A6B /* AppDelegate.swift */; };
		6FA9A76627FD62C6002B6A6B /* SceneDelegate.swift in Sources */ = {isa = PBXBuildFile; fileRef = 6FA9A76527FD62C6002B6A6B /* SceneDelegate.swift */; };
		6FA9A76827FD62C6002B6A6B /* CouncillorVotesVC.swift in Sources */ = {isa = PBXBuildFile; fileRef = 6FA9A76727FD62C6002B6A6B /* CouncillorVotesVC.swift */; };
		6FA9A76D27FD62C9002B6A6B /* Assets.xcassets in Resources */ = {isa = PBXBuildFile; fileRef = 6FA9A76C27FD62C9002B6A6B /* Assets.xcassets */; };
		6FA9A77027FD62C9002B6A6B /* LaunchScreen.storyboard in Resources */ = {isa = PBXBuildFile; fileRef = 6FA9A76E27FD62C9002B6A6B /* LaunchScreen.storyboard */; };
/* End PBXBuildFile section */

/* Begin PBXContainerItemProxy section */
		6F0FF7CC283C65A500E1808D /* PBXContainerItemProxy */ = {
			isa = PBXContainerItemProxy;
			containerPortal = 6FA9A75827FD62C6002B6A6B /* Project object */;
			proxyType = 1;
			remoteGlobalIDString = 6FA9A75F27FD62C6002B6A6B;
			remoteInfo = VanVotes;
		};
		6F4FF195283A01CB004CA4F3 /* PBXContainerItemProxy */ = {
			isa = PBXContainerItemProxy;
			containerPortal = 6FA9A75827FD62C6002B6A6B /* Project object */;
			proxyType = 1;
			remoteGlobalIDString = 6FA9A75F27FD62C6002B6A6B;
			remoteInfo = VanVotes;
		};
/* End PBXContainerItemProxy section */

/* Begin PBXFileReference section */
		6F0BDF2A281A202400035DB6 /* VotesVC.swift */ = {isa = PBXFileReference; lastKnownFileType = sourcecode.swift; path = VotesVC.swift; sourceTree = "<group>"; };
		6F0ECB9E2813ABC000FE0783 /* .gitignore */ = {isa = PBXFileReference; lastKnownFileType = text; path = .gitignore; sourceTree = "<group>"; };
		6F0ECBA02813AC1B00FE0783 /* README.md */ = {isa = PBXFileReference; lastKnownFileType = net.daringfireball.markdown; path = README.md; sourceTree = "<group>"; };
		6F0ECBA228140C0E00FE0783 /* VoteDetailCell.swift */ = {isa = PBXFileReference; lastKnownFileType = sourcecode.swift; path = VoteDetailCell.swift; sourceTree = "<group>"; };
		6F0FF7C6283C65A500E1808D /* VanVotesUITests.xctest */ = {isa = PBXFileReference; explicitFileType = wrapper.cfbundle; includeInIndex = 0; path = VanVotesUITests.xctest; sourceTree = BUILT_PRODUCTS_DIR; };
		6F0FF7C8283C65A500E1808D /* VanVotesUITests.swift */ = {isa = PBXFileReference; lastKnownFileType = sourcecode.swift; path = VanVotesUITests.swift; sourceTree = "<group>"; };
		6F0FF7CA283C65A500E1808D /* VanVotesUITestsLaunchTests.swift */ = {isa = PBXFileReference; lastKnownFileType = sourcecode.swift; path = VanVotesUITestsLaunchTests.swift; sourceTree = "<group>"; };
		6F29BB9528179A91009AD0EE /* VoteDecision.swift */ = {isa = PBXFileReference; lastKnownFileType = sourcecode.swift; path = VoteDecision.swift; sourceTree = "<group>"; };
		6F29BB9728179A97009AD0EE /* Vote.swift */ = {isa = PBXFileReference; lastKnownFileType = sourcecode.swift; path = Vote.swift; sourceTree = "<group>"; };
		6F29BB992817ACBE009AD0EE /* VoteDetailVC.swift */ = {isa = PBXFileReference; lastKnownFileType = sourcecode.swift; path = VoteDetailVC.swift; sourceTree = "<group>"; };
		6F4FF191283A01CB004CA4F3 /* VanVotesTests.xctest */ = {isa = PBXFileReference; explicitFileType = wrapper.cfbundle; includeInIndex = 0; path = VanVotesTests.xctest; sourceTree = BUILT_PRODUCTS_DIR; };
		6F4FF193283A01CB004CA4F3 /* VVNetworkManagerTests.swift */ = {isa = PBXFileReference; lastKnownFileType = sourcecode.swift; path = VVNetworkManagerTests.swift; sourceTree = "<group>"; };
		6F6DC07E29037A8C00482A8C /* PreviousCouncillorsVC.swift */ = {isa = PBXFileReference; lastKnownFileType = sourcecode.swift; path = PreviousCouncillorsVC.swift; sourceTree = "<group>"; };
		6F6DC084290381F100482A8C /* EmptyStateView.swift */ = {isa = PBXFileReference; lastKnownFileType = sourcecode.swift; path = EmptyStateView.swift; sourceTree = "<group>"; };
		6F6DC086290382AE00482A8C /* UIViewController+EmptyState.swift */ = {isa = PBXFileReference; lastKnownFileType = sourcecode.swift; path = "UIViewController+EmptyState.swift"; sourceTree = "<group>"; };
		6F6DC0882903859900482A8C /* UIViewController+Menus.swift */ = {isa = PBXFileReference; lastKnownFileType = sourcecode.swift; path = "UIViewController+Menus.swift"; sourceTree = "<group>"; };
		6F77917F280F82D800F7CC67 /* ErrorMessage.swift */ = {isa = PBXFileReference; lastKnownFileType = sourcecode.swift; path = ErrorMessage.swift; sourceTree = "<group>"; };
		6F9661C22812AC2900154F36 /* LandingVC.swift */ = {isa = PBXFileReference; lastKnownFileType = sourcecode.swift; path = LandingVC.swift; sourceTree = "<group>"; };
		6F9C7837280C2F7500A7EDF9 /* Response.swift */ = {isa = PBXFileReference; lastKnownFileType = sourcecode.swift; path = Response.swift; sourceTree = "<group>"; };
		6F9EFC61281F8998002BA910 /* VanVotes.entitlements */ = {isa = PBXFileReference; lastKnownFileType = text.plist.entitlements; path = VanVotes.entitlements; sourceTree = "<group>"; };
		6FA035E1280BB83800C85A0C /* Councillors.swift */ = {isa = PBXFileReference; lastKnownFileType = sourcecode.swift; path = Councillors.swift; sourceTree = "<group>"; };
		6FA035E5280BC38200C85A0C /* DevNotes.txt */ = {isa = PBXFileReference; lastKnownFileType = text; path = DevNotes.txt; sourceTree = "<group>"; };
		6FA035E6280BC5F500C85A0C /* NetworkManager.swift */ = {isa = PBXFileReference; lastKnownFileType = sourcecode.swift; path = NetworkManager.swift; sourceTree = "<group>"; };
		6FA9A76027FD62C6002B6A6B /* VanVotes.app */ = {isa = PBXFileReference; explicitFileType = wrapper.application; includeInIndex = 0; path = VanVotes.app; sourceTree = BUILT_PRODUCTS_DIR; };
		6FA9A76327FD62C6002B6A6B /* AppDelegate.swift */ = {isa = PBXFileReference; lastKnownFileType = sourcecode.swift; path = AppDelegate.swift; sourceTree = "<group>"; };
		6FA9A76527FD62C6002B6A6B /* SceneDelegate.swift */ = {isa = PBXFileReference; lastKnownFileType = sourcecode.swift; path = SceneDelegate.swift; sourceTree = "<group>"; };
		6FA9A76727FD62C6002B6A6B /* CouncillorVotesVC.swift */ = {isa = PBXFileReference; lastKnownFileType = sourcecode.swift; path = CouncillorVotesVC.swift; sourceTree = "<group>"; };
		6FA9A76C27FD62C9002B6A6B /* Assets.xcassets */ = {isa = PBXFileReference; lastKnownFileType = folder.assetcatalog; path = Assets.xcassets; sourceTree = "<group>"; };
		6FA9A76F27FD62C9002B6A6B /* Base */ = {isa = PBXFileReference; lastKnownFileType = file.storyboard; name = Base; path = Base.lproj/LaunchScreen.storyboard; sourceTree = "<group>"; };
		6FA9A77127FD62C9002B6A6B /* Info.plist */ = {isa = PBXFileReference; lastKnownFileType = text.plist.xml; path = Info.plist; sourceTree = "<group>"; };
/* End PBXFileReference section */

/* Begin PBXFrameworksBuildPhase section */
		6F0FF7C3283C65A500E1808D /* Frameworks */ = {
			isa = PBXFrameworksBuildPhase;
			buildActionMask = 2147483647;
			files = (
			);
			runOnlyForDeploymentPostprocessing = 0;
		};
		6F4FF18E283A01CB004CA4F3 /* Frameworks */ = {
			isa = PBXFrameworksBuildPhase;
			buildActionMask = 2147483647;
			files = (
			);
			runOnlyForDeploymentPostprocessing = 0;
		};
		6FA9A75D27FD62C6002B6A6B /* Frameworks */ = {
			isa = PBXFrameworksBuildPhase;
			buildActionMask = 2147483647;
			files = (
			);
			runOnlyForDeploymentPostprocessing = 0;
		};
/* End PBXFrameworksBuildPhase section */

/* Begin PBXGroup section */
		6F0ECBA428140C1F00FE0783 /* Cells */ = {
			isa = PBXGroup;
			children = (
				6F0ECBA228140C0E00FE0783 /* VoteDetailCell.swift */,
			);
			path = Cells;
			sourceTree = "<group>";
		};
		6F0FF7C7283C65A500E1808D /* VanVotesUITests */ = {
			isa = PBXGroup;
			children = (
				6F0FF7C8283C65A500E1808D /* VanVotesUITests.swift */,
				6F0FF7CA283C65A500E1808D /* VanVotesUITestsLaunchTests.swift */,
			);
			path = VanVotesUITests;
			sourceTree = "<group>";
		};
		6F4FF192283A01CB004CA4F3 /* VanVotesTests */ = {
			isa = PBXGroup;
			children = (
				6F4FF193283A01CB004CA4F3 /* VVNetworkManagerTests.swift */,
			);
			path = VanVotesTests;
			sourceTree = "<group>";
		};
		6F6DC083290381E500482A8C /* Views */ = {
			isa = PBXGroup;
			children = (
				6F6DC084290381F100482A8C /* EmptyStateView.swift */,
			);
			path = Views;
			sourceTree = "<group>";
		};
		6FA035DB280BB6A400C85A0C /* Managers */ = {
			isa = PBXGroup;
			children = (
				6FA035E6280BC5F500C85A0C /* NetworkManager.swift */,
			);
			path = Managers;
			sourceTree = "<group>";
		};
		6FA035DC280BB6AF00C85A0C /* Support */ = {
			isa = PBXGroup;
			children = (
				6FA9A76E27FD62C9002B6A6B /* LaunchScreen.storyboard */,
				6FA9A76327FD62C6002B6A6B /* AppDelegate.swift */,
				6FA9A76527FD62C6002B6A6B /* SceneDelegate.swift */,
				6FA9A76C27FD62C9002B6A6B /* Assets.xcassets */,
			);
			path = Support;
			sourceTree = "<group>";
		};
		6FA035DD280BB6BA00C85A0C /* Utilities */ = {
			isa = PBXGroup;
			children = (
				6F77917F280F82D800F7CC67 /* ErrorMessage.swift */,
			);
			path = Utilities;
			sourceTree = "<group>";
		};
		6FA035DE280BB6D800C85A0C /* Screens */ = {
			isa = PBXGroup;
			children = (
				6F9661C22812AC2900154F36 /* LandingVC.swift */,
				6F0BDF2A281A202400035DB6 /* VotesVC.swift */,
				6FA9A76727FD62C6002B6A6B /* CouncillorVotesVC.swift */,
				6F29BB992817ACBE009AD0EE /* VoteDetailVC.swift */,
				6F6DC07E29037A8C00482A8C /* PreviousCouncillorsVC.swift */,
			);
			path = Screens;
			sourceTree = "<group>";
		};
		6FA035DF280BB79A00C85A0C /* Components */ = {
			isa = PBXGroup;
			children = (
				6F6DC083290381E500482A8C /* Views */,
				6F0ECBA428140C1F00FE0783 /* Cells */,
			);
			path = Components;
			sourceTree = "<group>";
		};
		6FA035E0280BB7A200C85A0C /* Models */ = {
			isa = PBXGroup;
			children = (
				6FA035E1280BB83800C85A0C /* Councillors.swift */,
				6F9C7837280C2F7500A7EDF9 /* Response.swift */,
				6F29BB9528179A91009AD0EE /* VoteDecision.swift */,
				6F29BB9728179A97009AD0EE /* Vote.swift */,
			);
			path = Models;
			sourceTree = "<group>";
		};
		6FA9A75727FD62C6002B6A6B = {
			isa = PBXGroup;
			children = (
				6F0ECBA02813AC1B00FE0783 /* README.md */,
				6F0ECB9E2813ABC000FE0783 /* .gitignore */,
				6FA9A76227FD62C6002B6A6B /* VanVotes */,
				6F4FF192283A01CB004CA4F3 /* VanVotesTests */,
				6F0FF7C7283C65A500E1808D /* VanVotesUITests */,
				6FA9A76127FD62C6002B6A6B /* Products */,
			);
			sourceTree = "<group>";
		};
		6FA9A76127FD62C6002B6A6B /* Products */ = {
			isa = PBXGroup;
			children = (
				6FA9A76027FD62C6002B6A6B /* VanVotes.app */,
				6F4FF191283A01CB004CA4F3 /* VanVotesTests.xctest */,
				6F0FF7C6283C65A500E1808D /* VanVotesUITests.xctest */,
			);
			name = Products;
			sourceTree = "<group>";
		};
		6FA9A76227FD62C6002B6A6B /* VanVotes */ = {
			isa = PBXGroup;
			children = (
				6F9EFC61281F8998002BA910 /* VanVotes.entitlements */,
				6FE1CCE32819101D0041793F /* Extensions */,
				6FA035E0280BB7A200C85A0C /* Models */,
				6FA035DF280BB79A00C85A0C /* Components */,
				6FA035DE280BB6D800C85A0C /* Screens */,
				6FA035DD280BB6BA00C85A0C /* Utilities */,
				6FA035DC280BB6AF00C85A0C /* Support */,
				6FA035DB280BB6A400C85A0C /* Managers */,
				6FA9A77127FD62C9002B6A6B /* Info.plist */,
				6FA035E5280BC38200C85A0C /* DevNotes.txt */,
			);
			path = VanVotes;
			sourceTree = "<group>";
		};
		6FE1CCE32819101D0041793F /* Extensions */ = {
			isa = PBXGroup;
			children = (
				6F6DC086290382AE00482A8C /* UIViewController+EmptyState.swift */,
				6F6DC0882903859900482A8C /* UIViewController+Menus.swift */,
			);
			path = Extensions;
			sourceTree = "<group>";
		};
/* End PBXGroup section */

/* Begin PBXNativeTarget section */
		6F0FF7C5283C65A500E1808D /* VanVotesUITests */ = {
			isa = PBXNativeTarget;
			buildConfigurationList = 6F0FF7CE283C65A500E1808D /* Build configuration list for PBXNativeTarget "VanVotesUITests" */;
			buildPhases = (
				6F0FF7C2283C65A500E1808D /* Sources */,
				6F0FF7C3283C65A500E1808D /* Frameworks */,
				6F0FF7C4283C65A500E1808D /* Resources */,
			);
			buildRules = (
			);
			dependencies = (
				6F0FF7CD283C65A500E1808D /* PBXTargetDependency */,
			);
			name = VanVotesUITests;
			productName = VanVotesUITests;
			productReference = 6F0FF7C6283C65A500E1808D /* VanVotesUITests.xctest */;
			productType = "com.apple.product-type.bundle.ui-testing";
		};
		6F4FF190283A01CB004CA4F3 /* VanVotesTests */ = {
			isa = PBXNativeTarget;
			buildConfigurationList = 6F4FF199283A01CB004CA4F3 /* Build configuration list for PBXNativeTarget "VanVotesTests" */;
			buildPhases = (
				6F4FF18D283A01CB004CA4F3 /* Sources */,
				6F4FF18E283A01CB004CA4F3 /* Frameworks */,
				6F4FF18F283A01CB004CA4F3 /* Resources */,
			);
			buildRules = (
			);
			dependencies = (
				6F4FF196283A01CB004CA4F3 /* PBXTargetDependency */,
			);
			name = VanVotesTests;
			productName = VanVotesTests;
			productReference = 6F4FF191283A01CB004CA4F3 /* VanVotesTests.xctest */;
			productType = "com.apple.product-type.bundle.unit-test";
		};
		6FA9A75F27FD62C6002B6A6B /* VanVotes */ = {
			isa = PBXNativeTarget;
			buildConfigurationList = 6FA9A77427FD62C9002B6A6B /* Build configuration list for PBXNativeTarget "VanVotes" */;
			buildPhases = (
				6FA9A75C27FD62C6002B6A6B /* Sources */,
				6FA9A75D27FD62C6002B6A6B /* Frameworks */,
				6FA9A75E27FD62C6002B6A6B /* Resources */,
			);
			buildRules = (
			);
			dependencies = (
			);
			name = VanVotes;
			productName = VanVotes;
			productReference = 6FA9A76027FD62C6002B6A6B /* VanVotes.app */;
			productType = "com.apple.product-type.application";
		};
/* End PBXNativeTarget section */

/* Begin PBXProject section */
		6FA9A75827FD62C6002B6A6B /* Project object */ = {
			isa = PBXProject;
			attributes = {
				BuildIndependentTargetsInParallel = 1;
				LastSwiftUpdateCheck = 1330;
				LastUpgradeCheck = 1330;
				TargetAttributes = {
					6F0FF7C5283C65A500E1808D = {
						CreatedOnToolsVersion = 13.3.1;
						TestTargetID = 6FA9A75F27FD62C6002B6A6B;
					};
					6F4FF190283A01CB004CA4F3 = {
						CreatedOnToolsVersion = 13.3.1;
						TestTargetID = 6FA9A75F27FD62C6002B6A6B;
					};
					6FA9A75F27FD62C6002B6A6B = {
						CreatedOnToolsVersion = 13.3;
					};
				};
			};
			buildConfigurationList = 6FA9A75B27FD62C6002B6A6B /* Build configuration list for PBXProject "VanVotes" */;
			compatibilityVersion = "Xcode 13.0";
			developmentRegion = en;
			hasScannedForEncodings = 0;
			knownRegions = (
				en,
				Base,
			);
			mainGroup = 6FA9A75727FD62C6002B6A6B;
			productRefGroup = 6FA9A76127FD62C6002B6A6B /* Products */;
			projectDirPath = "";
			projectRoot = "";
			targets = (
				6FA9A75F27FD62C6002B6A6B /* VanVotes */,
				6F4FF190283A01CB004CA4F3 /* VanVotesTests */,
				6F0FF7C5283C65A500E1808D /* VanVotesUITests */,
			);
		};
/* End PBXProject section */

/* Begin PBXResourcesBuildPhase section */
		6F0FF7C4283C65A500E1808D /* Resources */ = {
			isa = PBXResourcesBuildPhase;
			buildActionMask = 2147483647;
			files = (
			);
			runOnlyForDeploymentPostprocessing = 0;
		};
		6F4FF18F283A01CB004CA4F3 /* Resources */ = {
			isa = PBXResourcesBuildPhase;
			buildActionMask = 2147483647;
			files = (
			);
			runOnlyForDeploymentPostprocessing = 0;
		};
		6FA9A75E27FD62C6002B6A6B /* Resources */ = {
			isa = PBXResourcesBuildPhase;
			buildActionMask = 2147483647;
			files = (
				6FA9A77027FD62C9002B6A6B /* LaunchScreen.storyboard in Resources */,
				6F0ECB9F2813ABC000FE0783 /* .gitignore in Resources */,
				6F0ECBA12813AC1B00FE0783 /* README.md in Resources */,
				6FA9A76D27FD62C9002B6A6B /* Assets.xcassets in Resources */,
			);
			runOnlyForDeploymentPostprocessing = 0;
		};
/* End PBXResourcesBuildPhase section */

/* Begin PBXSourcesBuildPhase section */
		6F0FF7C2283C65A500E1808D /* Sources */ = {
			isa = PBXSourcesBuildPhase;
			buildActionMask = 2147483647;
			files = (
				6F0FF7CB283C65A500E1808D /* VanVotesUITestsLaunchTests.swift in Sources */,
				6F0FF7C9283C65A500E1808D /* VanVotesUITests.swift in Sources */,
			);
			runOnlyForDeploymentPostprocessing = 0;
		};
		6F4FF18D283A01CB004CA4F3 /* Sources */ = {
			isa = PBXSourcesBuildPhase;
			buildActionMask = 2147483647;
			files = (
				6F4FF194283A01CB004CA4F3 /* VVNetworkManagerTests.swift in Sources */,
			);
			runOnlyForDeploymentPostprocessing = 0;
		};
		6FA9A75C27FD62C6002B6A6B /* Sources */ = {
			isa = PBXSourcesBuildPhase;
			buildActionMask = 2147483647;
			files = (
				6F9661C32812AC2900154F36 /* LandingVC.swift in Sources */,
				6FA9A76827FD62C6002B6A6B /* CouncillorVotesVC.swift in Sources */,
				6F6DC0892903859900482A8C /* UIViewController+Menus.swift in Sources */,
				6F0BDF2B281A202400035DB6 /* VotesVC.swift in Sources */,
				6F779180280F82D800F7CC67 /* ErrorMessage.swift in Sources */,
				6F6DC087290382AE00482A8C /* UIViewController+EmptyState.swift in Sources */,
				6F29BB9A2817ACBE009AD0EE /* VoteDetailVC.swift in Sources */,
				6F9C7838280C2F7500A7EDF9 /* Response.swift in Sources */,
				6FA035E2280BB83800C85A0C /* Councillors.swift in Sources */,
				6F0ECBA328140C0E00FE0783 /* VoteDetailCell.swift in Sources */,
				6FA035E7280BC5F500C85A0C /* NetworkManager.swift in Sources */,
				6F29BB9628179A91009AD0EE /* VoteDecision.swift in Sources */,
				6FA9A76427FD62C6002B6A6B /* AppDelegate.swift in Sources */,
				6FA9A76627FD62C6002B6A6B /* SceneDelegate.swift in Sources */,
				6F6DC085290381F100482A8C /* EmptyStateView.swift in Sources */,
				6F29BB9828179A97009AD0EE /* Vote.swift in Sources */,
				6F6DC07F29037A8C00482A8C /* PreviousCouncillorsVC.swift in Sources */,
			);
			runOnlyForDeploymentPostprocessing = 0;
		};
/* End PBXSourcesBuildPhase section */

/* Begin PBXTargetDependency section */
		6F0FF7CD283C65A500E1808D /* PBXTargetDependency */ = {
			isa = PBXTargetDependency;
			target = 6FA9A75F27FD62C6002B6A6B /* VanVotes */;
			targetProxy = 6F0FF7CC283C65A500E1808D /* PBXContainerItemProxy */;
		};
		6F4FF196283A01CB004CA4F3 /* PBXTargetDependency */ = {
			isa = PBXTargetDependency;
			target = 6FA9A75F27FD62C6002B6A6B /* VanVotes */;
			targetProxy = 6F4FF195283A01CB004CA4F3 /* PBXContainerItemProxy */;
		};
/* End PBXTargetDependency section */

/* Begin PBXVariantGroup section */
		6FA9A76E27FD62C9002B6A6B /* LaunchScreen.storyboard */ = {
			isa = PBXVariantGroup;
			children = (
				6FA9A76F27FD62C9002B6A6B /* Base */,
			);
			name = LaunchScreen.storyboard;
			sourceTree = "<group>";
		};
/* End PBXVariantGroup section */

/* Begin XCBuildConfiguration section */
		6F0FF7CF283C65A500E1808D /* Debug */ = {
			isa = XCBuildConfiguration;
			buildSettings = {
				CODE_SIGN_STYLE = Automatic;
				CURRENT_PROJECT_VERSION = 1;
				DEVELOPMENT_TEAM = Y2CU5N862T;
				GENERATE_INFOPLIST_FILE = YES;
				MARKETING_VERSION = 1.0;
				PRODUCT_BUNDLE_IDENTIFIER = com.TBlack10.VanVotesUITests;
				PRODUCT_NAME = "$(TARGET_NAME)";
				SWIFT_EMIT_LOC_STRINGS = NO;
				SWIFT_VERSION = 5.0;
				TARGETED_DEVICE_FAMILY = "1,2";
				TEST_TARGET_NAME = VanVotes;
			};
			name = Debug;
		};
		6F0FF7D0283C65A500E1808D /* Release */ = {
			isa = XCBuildConfiguration;
			buildSettings = {
				CODE_SIGN_STYLE = Automatic;
				CURRENT_PROJECT_VERSION = 1;
				DEVELOPMENT_TEAM = Y2CU5N862T;
				GENERATE_INFOPLIST_FILE = YES;
				MARKETING_VERSION = 1.0;
				PRODUCT_BUNDLE_IDENTIFIER = com.TBlack10.VanVotesUITests;
				PRODUCT_NAME = "$(TARGET_NAME)";
				SWIFT_EMIT_LOC_STRINGS = NO;
				SWIFT_VERSION = 5.0;
				TARGETED_DEVICE_FAMILY = "1,2";
				TEST_TARGET_NAME = VanVotes;
			};
			name = Release;
		};
		6F4FF197283A01CB004CA4F3 /* Debug */ = {
			isa = XCBuildConfiguration;
			buildSettings = {
				BUNDLE_LOADER = "$(TEST_HOST)";
				CODE_SIGN_STYLE = Automatic;
				CURRENT_PROJECT_VERSION = 1;
				DEVELOPMENT_TEAM = Y2CU5N862T;
				GENERATE_INFOPLIST_FILE = YES;
				MARKETING_VERSION = 1.0;
				PRODUCT_BUNDLE_IDENTIFIER = com.TBlack10.VanVotesTests;
				PRODUCT_NAME = "$(TARGET_NAME)";
				SWIFT_EMIT_LOC_STRINGS = NO;
				SWIFT_VERSION = 5.0;
				TARGETED_DEVICE_FAMILY = "1,2";
				TEST_HOST = "$(BUILT_PRODUCTS_DIR)/VanVotes.app/VanVotes";
			};
			name = Debug;
		};
		6F4FF198283A01CB004CA4F3 /* Release */ = {
			isa = XCBuildConfiguration;
			buildSettings = {
				BUNDLE_LOADER = "$(TEST_HOST)";
				CODE_SIGN_STYLE = Automatic;
				CURRENT_PROJECT_VERSION = 1;
				DEVELOPMENT_TEAM = Y2CU5N862T;
				GENERATE_INFOPLIST_FILE = YES;
				MARKETING_VERSION = 1.0;
				PRODUCT_BUNDLE_IDENTIFIER = com.TBlack10.VanVotesTests;
				PRODUCT_NAME = "$(TARGET_NAME)";
				SWIFT_EMIT_LOC_STRINGS = NO;
				SWIFT_VERSION = 5.0;
				TARGETED_DEVICE_FAMILY = "1,2";
				TEST_HOST = "$(BUILT_PRODUCTS_DIR)/VanVotes.app/VanVotes";
			};
			name = Release;
		};
		6FA9A77227FD62C9002B6A6B /* Debug */ = {
			isa = XCBuildConfiguration;
			buildSettings = {
				ALWAYS_SEARCH_USER_PATHS = NO;
				CLANG_ANALYZER_NONNULL = YES;
				CLANG_ANALYZER_NUMBER_OBJECT_CONVERSION = YES_AGGRESSIVE;
				CLANG_CXX_LANGUAGE_STANDARD = "gnu++17";
				CLANG_ENABLE_MODULES = YES;
				CLANG_ENABLE_OBJC_ARC = YES;
				CLANG_ENABLE_OBJC_WEAK = YES;
				CLANG_WARN_BLOCK_CAPTURE_AUTORELEASING = YES;
				CLANG_WARN_BOOL_CONVERSION = YES;
				CLANG_WARN_COMMA = YES;
				CLANG_WARN_CONSTANT_CONVERSION = YES;
				CLANG_WARN_DEPRECATED_OBJC_IMPLEMENTATIONS = YES;
				CLANG_WARN_DIRECT_OBJC_ISA_USAGE = YES_ERROR;
				CLANG_WARN_DOCUMENTATION_COMMENTS = YES;
				CLANG_WARN_EMPTY_BODY = YES;
				CLANG_WARN_ENUM_CONVERSION = YES;
				CLANG_WARN_INFINITE_RECURSION = YES;
				CLANG_WARN_INT_CONVERSION = YES;
				CLANG_WARN_NON_LITERAL_NULL_CONVERSION = YES;
				CLANG_WARN_OBJC_IMPLICIT_RETAIN_SELF = YES;
				CLANG_WARN_OBJC_LITERAL_CONVERSION = YES;
				CLANG_WARN_OBJC_ROOT_CLASS = YES_ERROR;
				CLANG_WARN_QUOTED_INCLUDE_IN_FRAMEWORK_HEADER = YES;
				CLANG_WARN_RANGE_LOOP_ANALYSIS = YES;
				CLANG_WARN_STRICT_PROTOTYPES = YES;
				CLANG_WARN_SUSPICIOUS_MOVE = YES;
				CLANG_WARN_UNGUARDED_AVAILABILITY = YES_AGGRESSIVE;
				CLANG_WARN_UNREACHABLE_CODE = YES;
				CLANG_WARN__DUPLICATE_METHOD_MATCH = YES;
				COPY_PHASE_STRIP = NO;
				DEBUG_INFORMATION_FORMAT = dwarf;
				ENABLE_STRICT_OBJC_MSGSEND = YES;
				ENABLE_TESTABILITY = YES;
				GCC_C_LANGUAGE_STANDARD = gnu11;
				GCC_DYNAMIC_NO_PIC = NO;
				GCC_NO_COMMON_BLOCKS = YES;
				GCC_OPTIMIZATION_LEVEL = 0;
				GCC_PREPROCESSOR_DEFINITIONS = (
					"DEBUG=1",
					"$(inherited)",
				);
				GCC_WARN_64_TO_32_BIT_CONVERSION = YES;
				GCC_WARN_ABOUT_RETURN_TYPE = YES_ERROR;
				GCC_WARN_UNDECLARED_SELECTOR = YES;
				GCC_WARN_UNINITIALIZED_AUTOS = YES_AGGRESSIVE;
				GCC_WARN_UNUSED_FUNCTION = YES;
				GCC_WARN_UNUSED_VARIABLE = YES;
				IPHONEOS_DEPLOYMENT_TARGET = 15.4;
				MTL_ENABLE_DEBUG_INFO = INCLUDE_SOURCE;
				MTL_FAST_MATH = YES;
				ONLY_ACTIVE_ARCH = YES;
				SDKROOT = iphoneos;
				SWIFT_ACTIVE_COMPILATION_CONDITIONS = DEBUG;
				SWIFT_OPTIMIZATION_LEVEL = "-Onone";
			};
			name = Debug;
		};
		6FA9A77327FD62C9002B6A6B /* Release */ = {
			isa = XCBuildConfiguration;
			buildSettings = {
				ALWAYS_SEARCH_USER_PATHS = NO;
				CLANG_ANALYZER_NONNULL = YES;
				CLANG_ANALYZER_NUMBER_OBJECT_CONVERSION = YES_AGGRESSIVE;
				CLANG_CXX_LANGUAGE_STANDARD = "gnu++17";
				CLANG_ENABLE_MODULES = YES;
				CLANG_ENABLE_OBJC_ARC = YES;
				CLANG_ENABLE_OBJC_WEAK = YES;
				CLANG_WARN_BLOCK_CAPTURE_AUTORELEASING = YES;
				CLANG_WARN_BOOL_CONVERSION = YES;
				CLANG_WARN_COMMA = YES;
				CLANG_WARN_CONSTANT_CONVERSION = YES;
				CLANG_WARN_DEPRECATED_OBJC_IMPLEMENTATIONS = YES;
				CLANG_WARN_DIRECT_OBJC_ISA_USAGE = YES_ERROR;
				CLANG_WARN_DOCUMENTATION_COMMENTS = YES;
				CLANG_WARN_EMPTY_BODY = YES;
				CLANG_WARN_ENUM_CONVERSION = YES;
				CLANG_WARN_INFINITE_RECURSION = YES;
				CLANG_WARN_INT_CONVERSION = YES;
				CLANG_WARN_NON_LITERAL_NULL_CONVERSION = YES;
				CLANG_WARN_OBJC_IMPLICIT_RETAIN_SELF = YES;
				CLANG_WARN_OBJC_LITERAL_CONVERSION = YES;
				CLANG_WARN_OBJC_ROOT_CLASS = YES_ERROR;
				CLANG_WARN_QUOTED_INCLUDE_IN_FRAMEWORK_HEADER = YES;
				CLANG_WARN_RANGE_LOOP_ANALYSIS = YES;
				CLANG_WARN_STRICT_PROTOTYPES = YES;
				CLANG_WARN_SUSPICIOUS_MOVE = YES;
				CLANG_WARN_UNGUARDED_AVAILABILITY = YES_AGGRESSIVE;
				CLANG_WARN_UNREACHABLE_CODE = YES;
				CLANG_WARN__DUPLICATE_METHOD_MATCH = YES;
				COPY_PHASE_STRIP = NO;
				DEBUG_INFORMATION_FORMAT = "dwarf-with-dsym";
				ENABLE_NS_ASSERTIONS = NO;
				ENABLE_STRICT_OBJC_MSGSEND = YES;
				GCC_C_LANGUAGE_STANDARD = gnu11;
				GCC_NO_COMMON_BLOCKS = YES;
				GCC_WARN_64_TO_32_BIT_CONVERSION = YES;
				GCC_WARN_ABOUT_RETURN_TYPE = YES_ERROR;
				GCC_WARN_UNDECLARED_SELECTOR = YES;
				GCC_WARN_UNINITIALIZED_AUTOS = YES_AGGRESSIVE;
				GCC_WARN_UNUSED_FUNCTION = YES;
				GCC_WARN_UNUSED_VARIABLE = YES;
				IPHONEOS_DEPLOYMENT_TARGET = 15.4;
				MTL_ENABLE_DEBUG_INFO = NO;
				MTL_FAST_MATH = YES;
				SDKROOT = iphoneos;
				SWIFT_COMPILATION_MODE = wholemodule;
				SWIFT_OPTIMIZATION_LEVEL = "-O";
				VALIDATE_PRODUCT = YES;
			};
			name = Release;
		};
		6FA9A77527FD62C9002B6A6B /* Debug */ = {
			isa = XCBuildConfiguration;
			buildSettings = {
				ASSETCATALOG_COMPILER_APPICON_NAME = AppIcon;
				ASSETCATALOG_COMPILER_GLOBAL_ACCENT_COLOR_NAME = AccentColor;
				CODE_SIGN_ENTITLEMENTS = VanVotes/VanVotes.entitlements;
				CODE_SIGN_STYLE = Automatic;
				CURRENT_PROJECT_VERSION = 1;
				DEVELOPMENT_TEAM = Y2CU5N862T;
				GENERATE_INFOPLIST_FILE = YES;
				INFOPLIST_FILE = VanVotes/Info.plist;
				INFOPLIST_KEY_UIApplicationSupportsIndirectInputEvents = YES;
				INFOPLIST_KEY_UILaunchStoryboardName = LaunchScreen;
				INFOPLIST_KEY_UISupportedInterfaceOrientations = UIInterfaceOrientationPortrait;
				INFOPLIST_KEY_UISupportedInterfaceOrientations_iPad = "UIInterfaceOrientationPortrait UIInterfaceOrientationPortraitUpsideDown UIInterfaceOrientationLandscapeLeft UIInterfaceOrientationLandscapeRight";
				INFOPLIST_KEY_UISupportedInterfaceOrientations_iPhone = "UIInterfaceOrientationPortrait UIInterfaceOrientationLandscapeLeft UIInterfaceOrientationLandscapeRight";
				LD_RUNPATH_SEARCH_PATHS = (
					"$(inherited)",
					"@executable_path/Frameworks",
				);
				MARKETING_VERSION = 1.3;
				PRODUCT_BUNDLE_IDENTIFIER = TBlack10.VanVotes;
				PRODUCT_NAME = "$(TARGET_NAME)";
				SWIFT_EMIT_LOC_STRINGS = YES;
				SWIFT_VERSION = 5.0;
				TARGETED_DEVICE_FAMILY = "1,2";
			};
			name = Debug;
		};
		6FA9A77627FD62C9002B6A6B /* Release */ = {
			isa = XCBuildConfiguration;
			buildSettings = {
				ASSETCATALOG_COMPILER_APPICON_NAME = AppIcon;
				ASSETCATALOG_COMPILER_GLOBAL_ACCENT_COLOR_NAME = AccentColor;
				CODE_SIGN_ENTITLEMENTS = VanVotes/VanVotes.entitlements;
				CODE_SIGN_STYLE = Automatic;
				CURRENT_PROJECT_VERSION = 1;
				DEVELOPMENT_TEAM = Y2CU5N862T;
				GENERATE_INFOPLIST_FILE = YES;
				INFOPLIST_FILE = VanVotes/Info.plist;
				INFOPLIST_KEY_UIApplicationSupportsIndirectInputEvents = YES;
				INFOPLIST_KEY_UILaunchStoryboardName = LaunchScreen;
				INFOPLIST_KEY_UISupportedInterfaceOrientations = UIInterfaceOrientationPortrait;
				INFOPLIST_KEY_UISupportedInterfaceOrientations_iPad = "UIInterfaceOrientationPortrait UIInterfaceOrientationPortraitUpsideDown UIInterfaceOrientationLandscapeLeft UIInterfaceOrientationLandscapeRight";
				INFOPLIST_KEY_UISupportedInterfaceOrientations_iPhone = "UIInterfaceOrientationPortrait UIInterfaceOrientationLandscapeLeft UIInterfaceOrientationLandscapeRight";
				LD_RUNPATH_SEARCH_PATHS = (
					"$(inherited)",
					"@executable_path/Frameworks",
				);
				MARKETING_VERSION = 1.3;
				PRODUCT_BUNDLE_IDENTIFIER = TBlack10.VanVotes;
				PRODUCT_NAME = "$(TARGET_NAME)";
				SWIFT_EMIT_LOC_STRINGS = YES;
				SWIFT_VERSION = 5.0;
				TARGETED_DEVICE_FAMILY = "1,2";
			};
			name = Release;
		};
/* End XCBuildConfiguration section */

/* Begin XCConfigurationList section */
		6F0FF7CE283C65A500E1808D /* Build configuration list for PBXNativeTarget "VanVotesUITests" */ = {
			isa = XCConfigurationList;
			buildConfigurations = (
				6F0FF7CF283C65A500E1808D /* Debug */,
				6F0FF7D0283C65A500E1808D /* Release */,
			);
			defaultConfigurationIsVisible = 0;
			defaultConfigurationName = Release;
		};
		6F4FF199283A01CB004CA4F3 /* Build configuration list for PBXNativeTarget "VanVotesTests" */ = {
			isa = XCConfigurationList;
			buildConfigurations = (
				6F4FF197283A01CB004CA4F3 /* Debug */,
				6F4FF198283A01CB004CA4F3 /* Release */,
			);
			defaultConfigurationIsVisible = 0;
			defaultConfigurationName = Release;
		};
		6FA9A75B27FD62C6002B6A6B /* Build configuration list for PBXProject "VanVotes" */ = {
			isa = XCConfigurationList;
			buildConfigurations = (
				6FA9A77227FD62C9002B6A6B /* Debug */,
				6FA9A77327FD62C9002B6A6B /* Release */,
			);
			defaultConfigurationIsVisible = 0;
			defaultConfigurationName = Release;
		};
		6FA9A77427FD62C9002B6A6B /* Build configuration list for PBXNativeTarget "VanVotes" */ = {
			isa = XCConfigurationList;
			buildConfigurations = (
				6FA9A77527FD62C9002B6A6B /* Debug */,
				6FA9A77627FD62C9002B6A6B /* Release */,
			);
			defaultConfigurationIsVisible = 0;
			defaultConfigurationName = Release;
		};
/* End XCConfigurationList section */
	};
	rootObject = 6FA9A75827FD62C6002B6A6B /* Project object */;
}
